
Microsoft Visual Studio Solution File, Format Version 12.00
# Visual Studio 14
VisualStudioVersion = 14.0.25420.1
MinimumVisualStudioVersion = 10.0.40219.1
Project("{2150E333-8FDC-42A3-9474-1A3956D46DE8}") = "src", "src", "{AAD54932-3EB5-42ED-8A1F-957578C96454}"
EndProject
Project("{2150E333-8FDC-42A3-9474-1A3956D46DE8}") = "Solution Items", "Solution Items", "{FC71435E-2294-4337-B7B3-C6E092236AB2}"
	ProjectSection(SolutionItems) = preProject
		global.json = global.json
	EndProjectSection
EndProject
Project("{8BB2217D-0F2D-49D1-97BC-3654ED321F3B}") = "workshop.netcore", "src\workshop.netcore\workshop.netcore.xproj", "{CA78FDE9-F306-4E71-B1ED-87F982D2B167}"
EndProject
Global
	GlobalSection(SolutionConfigurationPlatforms) = preSolution
		Debug|Any CPU = Debug|Any CPU
		Release|Any CPU = Release|Any CPU
	EndGlobalSection
	GlobalSection(ProjectConfigurationPlatforms) = postSolution
		{CA78FDE9-F306-4E71-B1ED-87F982D2B167}.Debug|Any CPU.ActiveCfg = Debug|Any CPU
		{CA78FDE9-F306-4E71-B1ED-87F982D2B167}.Debug|Any CPU.Build.0 = Debug|Any CPU
		{CA78FDE9-F306-4E71-B1ED-87F982D2B167}.Release|Any CPU.ActiveCfg = Release|Any CPU
		{CA78FDE9-F306-4E71-B1ED-87F982D2B167}.Release|Any CPU.Build.0 = Release|Any CPU
	EndGlobalSection
	GlobalSection(SolutionProperties) = preSolution
		HideSolutionNode = FALSE
	EndGlobalSection
	GlobalSection(NestedProjects) = preSolution
		{CA78FDE9-F306-4E71-B1ED-87F982D2B167} = {AAD54932-3EB5-42ED-8A1F-957578C96454}
	EndGlobalSection
EndGlobal
